
Microsoft Visual Studio Solution File, Format Version 12.00
# Visual Studio 2013
VisualStudioVersion = 12.0.21005.1
MinimumVisualStudioVersion = 10.0.40219.1
Project("{8BC9CEB8-8B4A-11D0-8D11-00A0C91BC942}") = "二叉搜索树与双向链表", "二叉搜索树与双向链表\二叉搜索树与双向链表.vcxproj", "{12B8C99E-3402-4EEF-9BCD-E47C5E8A61CF}"
EndProject
Global
	GlobalSection(SolutionConfigurationPlatforms) = preSolution
		Debug|Win32 = Debug|Win32
		Release|Win32 = Release|Win32
	EndGlobalSection
	GlobalSection(ProjectConfigurationPlatforms) = postSolution
		{12B8C99E-3402-4EEF-9BCD-E47C5E8A61CF}.Debug|Win32.ActiveCfg = Debug|Win32
		{12B8C99E-3402-4EEF-9BCD-E47C5E8A61CF}.Debug|Win32.Build.0 = Debug|Win32
		{12B8C99E-3402-4EEF-9BCD-E47C5E8A61CF}.Release|Win32.ActiveCfg = Release|Win32
		{12B8C99E-3402-4EEF-9BCD-E47C5E8A61CF}.Release|Win32.Build.0 = Release|Win32
	EndGlobalSection
	GlobalSection(SolutionProperties) = preSolution
		HideSolutionNode = FALSE
	EndGlobalSection
EndGlobal
